{
  "requires": true,
  "lockfileVersion": 1,
  "dependencies": {
    "push.js": {
      "version": "1.0.7",
      "resolved": "https://registry.npmjs.org/push.js/-/push.js-1.0.7.tgz",
      "integrity": "sha512-rJ4e+qfWPwHYazXzbBip8iiOeMpVmti/Pj6wQOQOko9qOpaoUNyPGuR/coTXN7fXWM69Cu6XSmPgEOPtefA2NA=="
    }
  }
}
